
Microsoft Visual Studio Solution File, Format Version 12.00
# Visual Studio 15
VisualStudioVersion = 15.0.28307.329
MinimumVisualStudioVersion = 10.0.40219.1
Project("{888888A0-9F3D-457C-B088-3A5042F75D52}") = "Infor_Internship_Project", "DjangoWebProject1\Infor_Internship_Project.pyproj", "{2DAA5BE3-8CBC-4CC2-93E2-1F80C38CBA20}"
EndProject
Global
	GlobalSection(SolutionConfigurationPlatforms) = preSolution
		Debug|Any CPU = Debug|Any CPU
		Release|Any CPU = Release|Any CPU
	EndGlobalSection
	GlobalSection(ProjectConfigurationPlatforms) = postSolution
		{2DAA5BE3-8CBC-4CC2-93E2-1F80C38CBA20}.Debug|Any CPU.ActiveCfg = Debug|Any CPU
		{2DAA5BE3-8CBC-4CC2-93E2-1F80C38CBA20}.Debug|Any CPU.Build.0 = Debug|Any CPU
		{2DAA5BE3-8CBC-4CC2-93E2-1F80C38CBA20}.Release|Any CPU.ActiveCfg = Release|Any CPU
		{2DAA5BE3-8CBC-4CC2-93E2-1F80C38CBA20}.Release|Any CPU.Build.0 = Release|Any CPU
	EndGlobalSection
	GlobalSection(SolutionProperties) = preSolution
		HideSolutionNode = FALSE
	EndGlobalSection
	GlobalSection(ExtensibilityGlobals) = postSolution
		SolutionGuid = {A5ECCEB3-AAC2-4A15-9B3C-65FCDEA98153}
	EndGlobalSection
EndGlobal
